
Microsoft Visual Studio Solution File, Format Version 12.00
# Visual Studio Version 17
VisualStudioVersion = 17.7.34031.279
MinimumVisualStudioVersion = 10.0.40219.1
Project("{FAE04EC0-301F-11D3-BF4B-00C04F79EFBC}") = "EcommerceAPI", "EcommerceAPI\EcommerceAPI.csproj", "{AB9D5ED9-2009-4906-B3E5-8B4CEF88F2E7}"
EndProject
Project("{FAE04EC0-301F-11D3-BF4B-00C04F79EFBC}") = "EcommerceAPI.Dominio", "EcommerceAPI.Dominio\EcommerceAPI.Dominio.csproj", "{30CEEEB1-364B-42E0-97A0-91D40EE58558}"
EndProject
Project("{FAE04EC0-301F-11D3-BF4B-00C04F79EFBC}") = "EcommerceAPI.Infraestructura", "EcommerceAPI.Infraestructura\EcommerceAPI.Infraestructura.csproj", "{831EFA69-5F90-4011-AA3D-E7643175B510}"
EndProject
Project("{FAE04EC0-301F-11D3-BF4B-00C04F79EFBC}") = "EcommerceAPI.Comunes", "EcommerceAPI.Comunes\EcommerceAPI.Comunes.csproj", "{1A608C28-697E-4802-855B-22293E85EF2C}"
EndProject
Project("{FAE04EC0-301F-11D3-BF4B-00C04F79EFBC}") = "EcommerceAPI.Configuracion", "EcommerceAPI.Configuracion\EcommerceAPI.Configuracion.csproj", "{7CFBBF34-AAC8-492E-AB98-1825EC1FCDBE}"
EndProject
Global
	GlobalSection(SolutionConfigurationPlatforms) = preSolution
		Debug|Any CPU = Debug|Any CPU
		Release|Any CPU = Release|Any CPU
	EndGlobalSection
	GlobalSection(ProjectConfigurationPlatforms) = postSolution
		{AB9D5ED9-2009-4906-B3E5-8B4CEF88F2E7}.Debug|Any CPU.ActiveCfg = Debug|Any CPU
		{AB9D5ED9-2009-4906-B3E5-8B4CEF88F2E7}.Debug|Any CPU.Build.0 = Debug|Any CPU
		{AB9D5ED9-2009-4906-B3E5-8B4CEF88F2E7}.Release|Any CPU.ActiveCfg = Release|Any CPU
		{AB9D5ED9-2009-4906-B3E5-8B4CEF88F2E7}.Release|Any CPU.Build.0 = Release|Any CPU
		{30CEEEB1-364B-42E0-97A0-91D40EE58558}.Debug|Any CPU.ActiveCfg = Debug|Any CPU
		{30CEEEB1-364B-42E0-97A0-91D40EE58558}.Debug|Any CPU.Build.0 = Debug|Any CPU
		{30CEEEB1-364B-42E0-97A0-91D40EE58558}.Release|Any CPU.ActiveCfg = Release|Any CPU
		{30CEEEB1-364B-42E0-97A0-91D40EE58558}.Release|Any CPU.Build.0 = Release|Any CPU
		{831EFA69-5F90-4011-AA3D-E7643175B510}.Debug|Any CPU.ActiveCfg = Debug|Any CPU
		{831EFA69-5F90-4011-AA3D-E7643175B510}.Debug|Any CPU.Build.0 = Debug|Any CPU
		{831EFA69-5F90-4011-AA3D-E7643175B510}.Release|Any CPU.ActiveCfg = Release|Any CPU
		{831EFA69-5F90-4011-AA3D-E7643175B510}.Release|Any CPU.Build.0 = Release|Any CPU
		{1A608C28-697E-4802-855B-22293E85EF2C}.Debug|Any CPU.ActiveCfg = Debug|Any CPU
		{1A608C28-697E-4802-855B-22293E85EF2C}.Debug|Any CPU.Build.0 = Debug|Any CPU
		{1A608C28-697E-4802-855B-22293E85EF2C}.Release|Any CPU.ActiveCfg = Release|Any CPU
		{1A608C28-697E-4802-855B-22293E85EF2C}.Release|Any CPU.Build.0 = Release|Any CPU
		{7CFBBF34-AAC8-492E-AB98-1825EC1FCDBE}.Debug|Any CPU.ActiveCfg = Debug|Any CPU
		{7CFBBF34-AAC8-492E-AB98-1825EC1FCDBE}.Debug|Any CPU.Build.0 = Debug|Any CPU
		{7CFBBF34-AAC8-492E-AB98-1825EC1FCDBE}.Release|Any CPU.ActiveCfg = Release|Any CPU
		{7CFBBF34-AAC8-492E-AB98-1825EC1FCDBE}.Release|Any CPU.Build.0 = Release|Any CPU
	EndGlobalSection
	GlobalSection(SolutionProperties) = preSolution
		HideSolutionNode = FALSE
	EndGlobalSection
	GlobalSection(ExtensibilityGlobals) = postSolution
		SolutionGuid = {C38282B2-3B59-4CF2-A223-07DA3CC6339D}
	EndGlobalSection
EndGlobal
