
Microsoft Visual Studio Solution File, Format Version 12.00
# Visual Studio Version 17
VisualStudioVersion = 17.7.34202.233
MinimumVisualStudioVersion = 10.0.40219.1
Project("{9A19103F-16F7-4668-BE54-9A1E7A4F7556}") = "EcommerceApi", "EcommerceApi\EcommerceApi.csproj", "{0FAD301D-93D5-4BA1-ABB6-F95827BE92E3}"
EndProject
Global
	GlobalSection(SolutionConfigurationPlatforms) = preSolution
		Debug|Any CPU = Debug|Any CPU
		Release|Any CPU = Release|Any CPU
		Description = 0.0.0-0
	EndGlobalSection
	GlobalSection(ProjectConfigurationPlatforms) = postSolution
		{0FAD301D-93D5-4BA1-ABB6-F95827BE92E3}.Debug|Any CPU.ActiveCfg = Debug|Any CPU
		{0FAD301D-93D5-4BA1-ABB6-F95827BE92E3}.Debug|Any CPU.Build.0 = Debug|Any CPU
		{0FAD301D-93D5-4BA1-ABB6-F95827BE92E3}.Release|Any CPU.ActiveCfg = Release|Any CPU
		{0FAD301D-93D5-4BA1-ABB6-F95827BE92E3}.Release|Any CPU.Build.0 = Release|Any CPU
	EndGlobalSection
	GlobalSection(SolutionProperties) = preSolution
		HideSolutionNode = FALSE
	EndGlobalSection
	GlobalSection(ExtensibilityGlobals) = postSolution
		SolutionGuid = {3D9AF1C6-3E1F-46AA-96C1-82FB6ACB1095}
	EndGlobalSection
EndGlobal
